
Microsoft Visual Studio Solution File, Format Version 12.00
# Visual Studio 14
VisualStudioVersion = 14.0.25420.1
MinimumVisualStudioVersion = 10.0.40219.1
Project("{2150E333-8FDC-42A3-9474-1A3956D46DE8}") = "src", "src", "{9B5F6E82-25A8-4408-AAA6-236AE2C3E867}"
EndProject
Project("{2150E333-8FDC-42A3-9474-1A3956D46DE8}") = "Solution Items", "Solution Items", "{16479801-6C68-4F37-9261-D7FB3AA101F8}"
	ProjectSection(SolutionItems) = preProject
		global.json = global.json
	EndProjectSection
EndProject
Project("{8BB2217D-0F2D-49D1-97BC-3654ED321F3B}") = "WebAplicationTestPerformance", "src\WebAplicationTestPerformance\WebAplicationTestPerformance.xproj", "{7D205C96-EC8C-49B3-A307-5F10A5C13977}"
EndProject
Global
	GlobalSection(SolutionConfigurationPlatforms) = preSolution
		Debug|Any CPU = Debug|Any CPU
		Release|Any CPU = Release|Any CPU
	EndGlobalSection
	GlobalSection(ProjectConfigurationPlatforms) = postSolution
		{7D205C96-EC8C-49B3-A307-5F10A5C13977}.Debug|Any CPU.ActiveCfg = Debug|Any CPU
		{7D205C96-EC8C-49B3-A307-5F10A5C13977}.Debug|Any CPU.Build.0 = Debug|Any CPU
		{7D205C96-EC8C-49B3-A307-5F10A5C13977}.Release|Any CPU.ActiveCfg = Release|Any CPU
		{7D205C96-EC8C-49B3-A307-5F10A5C13977}.Release|Any CPU.Build.0 = Release|Any CPU
	EndGlobalSection
	GlobalSection(SolutionProperties) = preSolution
		HideSolutionNode = FALSE
	EndGlobalSection
	GlobalSection(NestedProjects) = preSolution
		{7D205C96-EC8C-49B3-A307-5F10A5C13977} = {9B5F6E82-25A8-4408-AAA6-236AE2C3E867}
	EndGlobalSection
EndGlobal
